Microsoft Visual Studio Solution File, Format Version 12.00
# Visual Studio Version 17
VisualStudioVersion = 17.5.2.0
MinimumVisualStudioVersion = 10.0.40219.1
Project("{FAE04EC0-301F-11D3-BF4B-00C04F79EFBC}") = "OpenAiChatToolBlazorDemo", "OpenAiChatToolBlazorDemo.csproj", "{55E4262F-745E-0ED3-29A5-3E86312E1CB0}"
EndProject
Global
	GlobalSection(SolutionConfigurationPlatforms) = preSolution
		Debug|Any CPU = Debug|Any CPU
		Release|Any CPU = Release|Any CPU
	EndGlobalSection
	GlobalSection(ProjectConfigurationPlatforms) = postSolution
		{55E4262F-745E-0ED3-29A5-3E86312E1CB0}.Debug|Any CPU.ActiveCfg = Debug|Any CPU
		{55E4262F-745E-0ED3-29A5-3E86312E1CB0}.Debug|Any CPU.Build.0 = Debug|Any CPU
		{55E4262F-745E-0ED3-29A5-3E86312E1CB0}.Release|Any CPU.ActiveCfg = Release|Any CPU
		{55E4262F-745E-0ED3-29A5-3E86312E1CB0}.Release|Any CPU.Build.0 = Release|Any CPU
	EndGlobalSection
	GlobalSection(SolutionProperties) = preSolution
		HideSolutionNode = FALSE
	EndGlobalSection
	GlobalSection(ExtensibilityGlobals) = postSolution
		SolutionGuid = {E432C010-F215-466A-931A-04F8DB5F8B29}
	EndGlobalSection
EndGlobal
